
Microsoft Visual Studio Solution File, Format Version 12.00
# Visual Studio Version 17
VisualStudioVersion = 17.3.32901.215
MinimumVisualStudioVersion = 10.0.40219.1
Project("{FAE04EC0-301F-11D3-BF4B-00C04F79EFBC}") = "Lab1", "Lab1\Lab1.csproj", "{28465491-8429-4DAB-9B28-AB43EA90EB26}"
EndProject
Global
	GlobalSection(SolutionConfigurationPlatforms) = preSolution
		Debug|Any CPU = Debug|Any CPU
		Release|Any CPU = Release|Any CPU
	EndGlobalSection
	GlobalSection(ProjectConfigurationPlatforms) = postSolution
		{28465491-8429-4DAB-9B28-AB43EA90EB26}.Debug|Any CPU.ActiveCfg = Debug|Any CPU
		{28465491-8429-4DAB-9B28-AB43EA90EB26}.Debug|Any CPU.Build.0 = Debug|Any CPU
		{28465491-8429-4DAB-9B28-AB43EA90EB26}.Release|Any CPU.ActiveCfg = Release|Any CPU
		{28465491-8429-4DAB-9B28-AB43EA90EB26}.Release|Any CPU.Build.0 = Release|Any CPU
	EndGlobalSection
	GlobalSection(SolutionProperties) = preSolution
		HideSolutionNode = FALSE
	EndGlobalSection
	GlobalSection(ExtensibilityGlobals) = postSolution
		SolutionGuid = {68330946-46ED-431E-877C-0E9C891C3106}
	EndGlobalSection
EndGlobal
