
Microsoft Visual Studio Solution File, Format Version 12.00
# Visual Studio Version 17
VisualStudioVersion = 17.3.32929.385
MinimumVisualStudioVersion = 10.0.40219.1
Project("{FAE04EC0-301F-11D3-BF4B-00C04F79EFBC}") = "All-Labs", "All-Labs\All-Labs.csproj", "{6FC7752F-EB00-48D7-990E-18EB0784E41F}"
EndProject
Project("{FAE04EC0-301F-11D3-BF4B-00C04F79EFBC}") = "LabsInterface", "LabsInterface\LabsInterface.csproj", "{B8AB19F7-537A-447E-BD2E-45B3966D4BD4}"
EndProject
Project("{FAE04EC0-301F-11D3-BF4B-00C04F79EFBC}") = "LabsLibrary", "LabsLibrary\LabsLibrary.csproj", "{02121830-3403-44F1-9EF0-146A35FE7EF5}"
EndProject
Global
	GlobalSection(SolutionConfigurationPlatforms) = preSolution
		Debug|Any CPU = Debug|Any CPU
		Release|Any CPU = Release|Any CPU
	EndGlobalSection
	GlobalSection(ProjectConfigurationPlatforms) = postSolution
		{6FC7752F-EB00-48D7-990E-18EB0784E41F}.Debug|Any CPU.ActiveCfg = Debug|Any CPU
		{6FC7752F-EB00-48D7-990E-18EB0784E41F}.Debug|Any CPU.Build.0 = Debug|Any CPU
		{6FC7752F-EB00-48D7-990E-18EB0784E41F}.Release|Any CPU.ActiveCfg = Release|Any CPU
		{6FC7752F-EB00-48D7-990E-18EB0784E41F}.Release|Any CPU.Build.0 = Release|Any CPU
		{B8AB19F7-537A-447E-BD2E-45B3966D4BD4}.Debug|Any CPU.ActiveCfg = Debug|Any CPU
		{B8AB19F7-537A-447E-BD2E-45B3966D4BD4}.Debug|Any CPU.Build.0 = Debug|Any CPU
		{B8AB19F7-537A-447E-BD2E-45B3966D4BD4}.Release|Any CPU.ActiveCfg = Release|Any CPU
		{B8AB19F7-537A-447E-BD2E-45B3966D4BD4}.Release|Any CPU.Build.0 = Release|Any CPU
		{02121830-3403-44F1-9EF0-146A35FE7EF5}.Debug|Any CPU.ActiveCfg = Debug|Any CPU
		{02121830-3403-44F1-9EF0-146A35FE7EF5}.Debug|Any CPU.Build.0 = Debug|Any CPU
		{02121830-3403-44F1-9EF0-146A35FE7EF5}.Release|Any CPU.ActiveCfg = Release|Any CPU
		{02121830-3403-44F1-9EF0-146A35FE7EF5}.Release|Any CPU.Build.0 = Release|Any CPU
	EndGlobalSection
	GlobalSection(SolutionProperties) = preSolution
		HideSolutionNode = FALSE
	EndGlobalSection
	GlobalSection(ExtensibilityGlobals) = postSolution
		SolutionGuid = {FB48AF47-2A83-4079-8432-92C10117C342}
	EndGlobalSection
EndGlobal
